// !$*UTF8*$!
{
	archiveVersion = 1;
	classes = {
	};
	objectVersion = 50;
	objects = {

/* Begin PBXBuildFile section */
		DE67445EC21FB447CDC7BB01 /* Pods_InfectionSimulator.framework in Frameworks */ = {isa = PBXBuildFile; fileRef = 5EBB947671965E5045B8ADF6 /* Pods_InfectionSimulator.framework */; };
		F90A44E82679F7F2004F2D77 /* IBMPlexSans-Medium.ttf in Resources */ = {isa = PBXBuildFile; fileRef = F90A44E62679F7F2004F2D77 /* IBMPlexSans-Medium.ttf */; };
		F90A44E92679F7F2004F2D77 /* IBMPlexSans-Regular.ttf in Resources */ = {isa = PBXBuildFile; fileRef = F90A44E72679F7F2004F2D77 /* IBMPlexSans-Regular.ttf */; };
		F986D22C2679DAA600A4D259 /* AppDelegate.swift in Sources */ = {isa = PBXBuildFile; fileRef = F986D22B2679DAA600A4D259 /* AppDelegate.swift */; };
		F986D2352679DAA700A4D259 /* Assets.xcassets in Resources */ = {isa = PBXBuildFile; fileRef = F986D2342679DAA700A4D259 /* Assets.xcassets */; };
		F986D2382679DAA700A4D259 /* LaunchScreen.storyboard in Resources */ = {isa = PBXBuildFile; fileRef = F986D2362679DAA700A4D259 /* LaunchScreen.storyboard */; };
		F986D2452679DB6500A4D259 /* UserFormViewController.swift in Sources */ = {isa = PBXBuildFile; fileRef = F986D2432679DB6500A4D259 /* UserFormViewController.swift */; };
		F986D2462679DB6500A4D259 /* UserFormViewController.xib in Resources */ = {isa = PBXBuildFile; fileRef = F986D2442679DB6500A4D259 /* UserFormViewController.xib */; };
		F986D2492679DB7700A4D259 /* GameViewController.swift in Sources */ = {isa = PBXBuildFile; fileRef = F986D2472679DB7700A4D259 /* GameViewController.swift */; };
		F986D24A2679DB7700A4D259 /* GameViewController.xib in Resources */ = {isa = PBXBuildFile; fileRef = F986D2482679DB7700A4D259 /* GameViewController.xib */; };
		F986D24E2679DC4300A4D259 /* NavigationController.swift in Sources */ = {isa = PBXBuildFile; fileRef = F986D24D2679DC4300A4D259 /* NavigationController.swift */; };
		F986D2512679DC9E00A4D259 /* RootTabBarController.swift in Sources */ = {isa = PBXBuildFile; fileRef = F986D2502679DC9E00A4D259 /* RootTabBarController.swift */; };
		F986D2552679DD1B00A4D259 /* InfoViewController.swift in Sources */ = {isa = PBXBuildFile; fileRef = F986D2532679DD1B00A4D259 /* InfoViewController.swift */; };
		F986D2562679DD1B00A4D259 /* InfoViewController.xib in Resources */ = {isa = PBXBuildFile; fileRef = F986D2542679DD1B00A4D259 /* InfoViewController.xib */; };
		F986D25C2679E28200A4D259 /* Localizable.strings in Resources */ = {isa = PBXBuildFile; fileRef = F986D25E2679E28200A4D259 /* Localizable.strings */; };
		F986D2622679E37E00A4D259 /* String+Extensions.swift in Sources */ = {isa = PBXBuildFile; fileRef = F986D2612679E37E00A4D259 /* String+Extensions.swift */; };
		F986D2642679E9E000A4D259 /* UITextField+Extensions.swift in Sources */ = {isa = PBXBuildFile; fileRef = F986D2632679E9E000A4D259 /* UITextField+Extensions.swift */; };
		F986D26F2679EA8E00A4D259 /* Style.swift in Sources */ = {isa = PBXBuildFile; fileRef = F986D26E2679EA8E00A4D259 /* Style.swift */; };
		F9D53ED6267A013900966A8B /* UIFont+Extensions.swift in Sources */ = {isa = PBXBuildFile; fileRef = F9D53ED5267A013900966A8B /* UIFont+Extensions.swift */; };
		F9D53EDA267A05A100966A8B /* ErrorScreenViewController.swift in Sources */ = {isa = PBXBuildFile; fileRef = F9D53ED8267A05A100966A8B /* ErrorScreenViewController.swift */; };
		F9D53EDB267A05A100966A8B /* ErrorScreenViewController.xib in Resources */ = {isa = PBXBuildFile; fileRef = F9D53ED9267A05A100966A8B /* ErrorScreenViewController.xib */; };
		F9D53EDE267A069A00966A8B /* KeyboardViewController.swift in Sources */ = {isa = PBXBuildFile; fileRef = F9D53EDD267A069A00966A8B /* KeyboardViewController.swift */; };
		F9D53EE1267A06F100966A8B /* CustomSolidButton.swift in Sources */ = {isa = PBXBuildFile; fileRef = F9D53EE0267A06F100966A8B /* CustomSolidButton.swift */; };
		F9D53EE3267A070C00966A8B /* CustomTextFields.swift in Sources */ = {isa = PBXBuildFile; fileRef = F9D53EE2267A070C00966A8B /* CustomTextFields.swift */; };
		F9D53EE6267A078300966A8B /* UIConstants.swift in Sources */ = {isa = PBXBuildFile; fileRef = F9D53EE5267A078300966A8B /* UIConstants.swift */; };
/* End PBXBuildFile section */

/* Begin PBXFileReference section */
		4B82B4BD1F14459CD1E0A126 /* Pods-InfectionSimulator.debug.xcconfig */ = {isa = PBXFileReference; includeInIndex = 1; lastKnownFileType = text.xcconfig; name = "Pods-InfectionSimulator.debug.xcconfig"; path = "Target Support Files/Pods-InfectionSimulator/Pods-InfectionSimulator.debug.xcconfig"; sourceTree = "<group>"; };
		5EBB947671965E5045B8ADF6 /* Pods_InfectionSimulator.framework */ = {isa = PBXFileReference; explicitFileType = wrapper.framework; includeInIndex = 0; path = Pods_InfectionSimulator.framework; sourceTree = BUILT_PRODUCTS_DIR; };
		F90A44E62679F7F2004F2D77 /* IBMPlexSans-Medium.ttf */ = {isa = PBXFileReference; lastKnownFileType = file; path = "IBMPlexSans-Medium.ttf"; sourceTree = "<group>"; };
		F90A44E72679F7F2004F2D77 /* IBMPlexSans-Regular.ttf */ = {isa = PBXFileReference; lastKnownFileType = file; path = "IBMPlexSans-Regular.ttf"; sourceTree = "<group>"; };
		F986D2282679DAA600A4D259 /* InfectionSimulator.app */ = {isa = PBXFileReference; explicitFileType = wrapper.application; includeInIndex = 0; path = InfectionSimulator.app; sourceTree = BUILT_PRODUCTS_DIR; };
		F986D22B2679DAA600A4D259 /* AppDelegate.swift */ = {isa = PBXFileReference; lastKnownFileType = sourcecode.swift; path = AppDelegate.swift; sourceTree = "<group>"; };
		F986D2342679DAA700A4D259 /* Assets.xcassets */ = {isa = PBXFileReference; lastKnownFileType = folder.assetcatalog; path = Assets.xcassets; sourceTree = "<group>"; };
		F986D2372679DAA700A4D259 /* Base */ = {isa = PBXFileReference; lastKnownFileType = file.storyboard; name = Base; path = Base.lproj/LaunchScreen.storyboard; sourceTree = "<group>"; };
		F986D2392679DAA700A4D259 /* Info.plist */ = {isa = PBXFileReference; lastKnownFileType = text.plist.xml; path = Info.plist; sourceTree = "<group>"; };
		F986D2432679DB6500A4D259 /* UserFormViewController.swift */ = {isa = PBXFileReference; lastKnownFileType = sourcecode.swift; path = UserFormViewController.swift; sourceTree = "<group>"; };
		F986D2442679DB6500A4D259 /* UserFormViewController.xib */ = {isa = PBXFileReference; lastKnownFileType = file.xib; path = UserFormViewController.xib; sourceTree = "<group>"; };
		F986D2472679DB7700A4D259 /* GameViewController.swift */ = {isa = PBXFileReference; lastKnownFileType = sourcecode.swift; path = GameViewController.swift; sourceTree = "<group>"; };
		F986D2482679DB7700A4D259 /* GameViewController.xib */ = {isa = PBXFileReference; lastKnownFileType = file.xib; path = GameViewController.xib; sourceTree = "<group>"; };
		F986D24D2679DC4300A4D259 /* NavigationController.swift */ = {isa = PBXFileReference; lastKnownFileType = sourcecode.swift; path = NavigationController.swift; sourceTree = "<group>"; };
		F986D2502679DC9E00A4D259 /* RootTabBarController.swift */ = {isa = PBXFileReference; lastKnownFileType = sourcecode.swift; path = RootTabBarController.swift; sourceTree = "<group>"; };
		F986D2532679DD1B00A4D259 /* InfoViewController.swift */ = {isa = PBXFileReference; lastKnownFileType = sourcecode.swift; path = InfoViewController.swift; sourceTree = "<group>"; };
		F986D2542679DD1B00A4D259 /* InfoViewController.xib */ = {isa = PBXFileReference; lastKnownFileType = file.xib; path = InfoViewController.xib; sourceTree = "<group>"; };
		F986D2592679E1DB00A4D259 /* ru */ = {isa = PBXFileReference; lastKnownFileType = text.plist.strings; name = ru; path = ru.lproj/LaunchScreen.strings; sourceTree = "<group>"; };
		F986D25D2679E28200A4D259 /* en */ = {isa = PBXFileReference; lastKnownFileType = text.plist.strings; name = en; path = en.lproj/Localizable.strings; sourceTree = "<group>"; };
		F986D25F2679E28700A4D259 /* ru */ = {isa = PBXFileReference; lastKnownFileType = text.plist.strings; name = ru; path = ru.lproj/Localizable.strings; sourceTree = "<group>"; };
		F986D2612679E37E00A4D259 /* String+Extensions.swift */ = {isa = PBXFileReference; lastKnownFileType = sourcecode.swift; path = "String+Extensions.swift"; sourceTree = "<group>"; };
		F986D2632679E9E000A4D259 /* UITextField+Extensions.swift */ = {isa = PBXFileReference; lastKnownFileType = sourcecode.swift; path = "UITextField+Extensions.swift"; sourceTree = "<group>"; };
		F986D26E2679EA8E00A4D259 /* Style.swift */ = {isa = PBXFileReference; lastKnownFileType = sourcecode.swift; path = Style.swift; sourceTree = "<group>"; };
		F9D53ED5267A013900966A8B /* UIFont+Extensions.swift */ = {isa = PBXFileReference; lastKnownFileType = sourcecode.swift; path = "UIFont+Extensions.swift"; sourceTree = "<group>"; };
		F9D53ED8267A05A100966A8B /* ErrorScreenViewController.swift */ = {isa = PBXFileReference; lastKnownFileType = sourcecode.swift; path = ErrorScreenViewController.swift; sourceTree = "<group>"; };
		F9D53ED9267A05A100966A8B /* ErrorScreenViewController.xib */ = {isa = PBXFileReference; lastKnownFileType = file.xib; path = ErrorScreenViewController.xib; sourceTree = "<group>"; };
		F9D53EDD267A069A00966A8B /* KeyboardViewController.swift */ = {isa = PBXFileReference; lastKnownFileType = sourcecode.swift; path = KeyboardViewController.swift; sourceTree = "<group>"; };
		F9D53EE0267A06F100966A8B /* CustomSolidButton.swift */ = {isa = PBXFileReference; lastKnownFileType = sourcecode.swift; path = CustomSolidButton.swift; sourceTree = "<group>"; };
		F9D53EE2267A070C00966A8B /* CustomTextFields.swift */ = {isa = PBXFileReference; lastKnownFileType = sourcecode.swift; path = CustomTextFields.swift; sourceTree = "<group>"; };
		F9D53EE5267A078300966A8B /* UIConstants.swift */ = {isa = PBXFileReference; lastKnownFileType = sourcecode.swift; path = UIConstants.swift; sourceTree = "<group>"; };
		FF434341AA39B10E6AD73B31 /* Pods-InfectionSimulator.release.xcconfig */ = {isa = PBXFileReference; includeInIndex = 1; lastKnownFileType = text.xcconfig; name = "Pods-InfectionSimulator.release.xcconfig"; path = "Target Support Files/Pods-InfectionSimulator/Pods-InfectionSimulator.release.xcconfig"; sourceTree = "<group>"; };
/* End PBXFileReference section */

/* Begin PBXFrameworksBuildPhase section */
		F986D2252679DAA600A4D259 /* Frameworks */ = {
			isa = PBXFrameworksBuildPhase;
			buildActionMask = 2147483647;
			files = (
				DE67445EC21FB447CDC7BB01 /* Pods_InfectionSimulator.framework in Frameworks */,
			);
			runOnlyForDeploymentPostprocessing = 0;
		};
/* End PBXFrameworksBuildPhase section */

/* Begin PBXGroup section */
		619FE2EC479929809C39CDE2 /* Pods */ = {
			isa = PBXGroup;
			children = (
				4B82B4BD1F14459CD1E0A126 /* Pods-InfectionSimulator.debug.xcconfig */,
				FF434341AA39B10E6AD73B31 /* Pods-InfectionSimulator.release.xcconfig */,
			);
			path = Pods;
			sourceTree = "<group>";
		};
		F986D21F2679DAA600A4D259 = {
			isa = PBXGroup;
			children = (
				F986D22A2679DAA600A4D259 /* InfectionSimulator */,
				F986D2292679DAA600A4D259 /* Products */,
				619FE2EC479929809C39CDE2 /* Pods */,
				FDFEA7B9D3308DEBA9984E0F /* Frameworks */,
			);
			sourceTree = "<group>";
		};
		F986D2292679DAA600A4D259 /* Products */ = {
			isa = PBXGroup;
			children = (
				F986D2282679DAA600A4D259 /* InfectionSimulator.app */,
			);
			name = Products;
			sourceTree = "<group>";
		};
		F986D22A2679DAA600A4D259 /* InfectionSimulator */ = {
			isa = PBXGroup;
			children = (
				F986D24B2679DBBB00A4D259 /* Resources */,
				F986D23F2679DAC200A4D259 /* Presentation */,
				F986D2572679DD4900A4D259 /* BusinessLogic */,
				F986D22B2679DAA600A4D259 /* AppDelegate.swift */,
				F986D2392679DAA700A4D259 /* Info.plist */,
			);
			path = InfectionSimulator;
			sourceTree = "<group>";
		};
		F986D23F2679DAC200A4D259 /* Presentation */ = {
			isa = PBXGroup;
			children = (
				F986D24F2679DC7C00A4D259 /* TabBar */,
				F986D24C2679DC2200A4D259 /* NavigationController */,
				F986D2422679DB2900A4D259 /* SplashScreen */,
				F986D2402679DAD000A4D259 /* UserForm */,
				F986D2412679DAD600A4D259 /* Game */,
				F986D2522679DD0600A4D259 /* Info */,
				F9D53ED7267A052200966A8B /* ErrorScreen */,
				F986D2582679DD7000A4D259 /* Common */,
			);
			path = Presentation;
			sourceTree = "<group>";
		};
		F986D2402679DAD000A4D259 /* UserForm */ = {
			isa = PBXGroup;
			children = (
				F986D2432679DB6500A4D259 /* UserFormViewController.swift */,
				F986D2442679DB6500A4D259 /* UserFormViewController.xib */,
			);
			path = UserForm;
			sourceTree = "<group>";
		};
		F986D2412679DAD600A4D259 /* Game */ = {
			isa = PBXGroup;
			children = (
				F986D2472679DB7700A4D259 /* GameViewController.swift */,
				F986D2482679DB7700A4D259 /* GameViewController.xib */,
			);
			path = Game;
			sourceTree = "<group>";
		};
		F986D2422679DB2900A4D259 /* SplashScreen */ = {
			isa = PBXGroup;
			children = (
				F986D2362679DAA700A4D259 /* LaunchScreen.storyboard */,
			);
			path = SplashScreen;
			sourceTree = "<group>";
		};
		F986D24B2679DBBB00A4D259 /* Resources */ = {
			isa = PBXGroup;
			children = (
				F986D2672679EA1D00A4D259 /* Fonts */,
				F986D2342679DAA700A4D259 /* Assets.xcassets */,
				F986D25E2679E28200A4D259 /* Localizable.strings */,
			);
			path = Resources;
			sourceTree = "<group>";
		};
		F986D24C2679DC2200A4D259 /* NavigationController */ = {
			isa = PBXGroup;
			children = (
				F986D24D2679DC4300A4D259 /* NavigationController.swift */,
			);
			path = NavigationController;
			sourceTree = "<group>";
		};
		F986D24F2679DC7C00A4D259 /* TabBar */ = {
			isa = PBXGroup;
			children = (
				F986D2502679DC9E00A4D259 /* RootTabBarController.swift */,
			);
			path = TabBar;
			sourceTree = "<group>";
		};
		F986D2522679DD0600A4D259 /* Info */ = {
			isa = PBXGroup;
			children = (
				F986D2532679DD1B00A4D259 /* InfoViewController.swift */,
				F986D2542679DD1B00A4D259 /* InfoViewController.xib */,
			);
			path = Info;
			sourceTree = "<group>";
		};
		F986D2572679DD4900A4D259 /* BusinessLogic */ = {
			isa = PBXGroup;
			children = (
			);
			path = BusinessLogic;
			sourceTree = "<group>";
		};
		F986D2582679DD7000A4D259 /* Common */ = {
			isa = PBXGroup;
			children = (
				F9D53EE4267A075E00966A8B /* Constants */,
				F9D53EDF267A06BE00966A8B /* CustomUIElements */,
				F9D53EDC267A068400966A8B /* Helpers */,
				F986D26C2679EA6A00A4D259 /* Style */,
				F986D2602679E32E00A4D259 /* Extensions */,
			);
			path = Common;
			sourceTree = "<group>";
		};
		F986D2602679E32E00A4D259 /* Extensions */ = {
			isa = PBXGroup;
			children = (
				F986D2612679E37E00A4D259 /* String+Extensions.swift */,
				F986D2632679E9E000A4D259 /* UITextField+Extensions.swift */,
				F9D53ED5267A013900966A8B /* UIFont+Extensions.swift */,
			);
			path = Extensions;
			sourceTree = "<group>";
		};
		F986D2672679EA1D00A4D259 /* Fonts */ = {
			isa = PBXGroup;
			children = (
				F90A44E62679F7F2004F2D77 /* IBMPlexSans-Medium.ttf */,
				F90A44E72679F7F2004F2D77 /* IBMPlexSans-Regular.ttf */,
			);
			path = Fonts;
			sourceTree = "<group>";
		};
		F986D26C2679EA6A00A4D259 /* Style */ = {
			isa = PBXGroup;
			children = (
				F986D26E2679EA8E00A4D259 /* Style.swift */,
			);
			path = Style;
			sourceTree = "<group>";
		};
		F9D53ED7267A052200966A8B /* ErrorScreen */ = {
			isa = PBXGroup;
			children = (
				F9D53ED8267A05A100966A8B /* ErrorScreenViewController.swift */,
				F9D53ED9267A05A100966A8B /* ErrorScreenViewController.xib */,
			);
			path = ErrorScreen;
			sourceTree = "<group>";
		};
		F9D53EDC267A068400966A8B /* Helpers */ = {
			isa = PBXGroup;
			children = (
				F9D53EDD267A069A00966A8B /* KeyboardViewController.swift */,
			);
			path = Helpers;
			sourceTree = "<group>";
		};
		F9D53EDF267A06BE00966A8B /* CustomUIElements */ = {
			isa = PBXGroup;
			children = (
				F9D53EE0267A06F100966A8B /* CustomSolidButton.swift */,
				F9D53EE2267A070C00966A8B /* CustomTextFields.swift */,
			);
			path = CustomUIElements;
			sourceTree = "<group>";
		};
		F9D53EE4267A075E00966A8B /* Constants */ = {
			isa = PBXGroup;
			children = (
				F9D53EE5267A078300966A8B /* UIConstants.swift */,
			);
			path = Constants;
			sourceTree = "<group>";
		};
		FDFEA7B9D3308DEBA9984E0F /* Frameworks */ = {
			isa = PBXGroup;
			children = (
				5EBB947671965E5045B8ADF6 /* Pods_InfectionSimulator.framework */,
			);
			name = Frameworks;
			sourceTree = "<group>";
		};
/* End PBXGroup section */

/* Begin PBXNativeTarget section */
		F986D2272679DAA600A4D259 /* InfectionSimulator */ = {
			isa = PBXNativeTarget;
			buildConfigurationList = F986D23C2679DAA700A4D259 /* Build configuration list for PBXNativeTarget "InfectionSimulator" */;
			buildPhases = (
				8560C6AB3E86227419967340 /* [CP] Check Pods Manifest.lock */,
				F986D2242679DAA600A4D259 /* Sources */,
				F986D2252679DAA600A4D259 /* Frameworks */,
				F986D2262679DAA600A4D259 /* Resources */,
				F90A44E12679F480004F2D77 /* SwiftLint */,
			);
			buildRules = (
			);
			dependencies = (
			);
			name = InfectionSimulator;
			productName = InfectionSimulator;
			productReference = F986D2282679DAA600A4D259 /* InfectionSimulator.app */;
			productType = "com.apple.product-type.application";
		};
/* End PBXNativeTarget section */

/* Begin PBXProject section */
		F986D2202679DAA600A4D259 /* Project object */ = {
			isa = PBXProject;
			attributes = {
				LastSwiftUpdateCheck = 1250;
				LastUpgradeCheck = 1250;
				TargetAttributes = {
					F986D2272679DAA600A4D259 = {
						CreatedOnToolsVersion = 12.5;
					};
				};
			};
			buildConfigurationList = F986D2232679DAA600A4D259 /* Build configuration list for PBXProject "InfectionSimulator" */;
			compatibilityVersion = "Xcode 9.3";
			developmentRegion = en;
			hasScannedForEncodings = 0;
			knownRegions = (
				en,
				Base,
				ru,
			);
			mainGroup = F986D21F2679DAA600A4D259;
			productRefGroup = F986D2292679DAA600A4D259 /* Products */;
			projectDirPath = "";
			projectRoot = "";
			targets = (
				F986D2272679DAA600A4D259 /* InfectionSimulator */,
			);
		};
/* End PBXProject section */

/* Begin PBXResourcesBuildPhase section */
		F986D2262679DAA600A4D259 /* Resources */ = {
			isa = PBXResourcesBuildPhase;
			buildActionMask = 2147483647;
			files = (
				F9D53EDB267A05A100966A8B /* ErrorScreenViewController.xib in Resources */,
				F986D24A2679DB7700A4D259 /* GameViewController.xib in Resources */,
				F986D25C2679E28200A4D259 /* Localizable.strings in Resources */,
				F986D2382679DAA700A4D259 /* LaunchScreen.storyboard in Resources */,
				F986D2462679DB6500A4D259 /* UserFormViewController.xib in Resources */,
				F90A44E92679F7F2004F2D77 /* IBMPlexSans-Regular.ttf in Resources */,
				F986D2562679DD1B00A4D259 /* InfoViewController.xib in Resources */,
				F986D2352679DAA700A4D259 /* Assets.xcassets in Resources */,
				F90A44E82679F7F2004F2D77 /* IBMPlexSans-Medium.ttf in Resources */,
			);
			runOnlyForDeploymentPostprocessing = 0;
		};
/* End PBXResourcesBuildPhase section */

/* Begin PBXShellScriptBuildPhase section */
		8560C6AB3E86227419967340 /* [CP] Check Pods Manifest.lock */ = {
			isa = PBXShellScriptBuildPhase;
			buildActionMask = 2147483647;
			files = (
			);
			inputFileListPaths = (
			);
			inputPaths = (
				"${PODS_PODFILE_DIR_PATH}/Podfile.lock",
				"${PODS_ROOT}/Manifest.lock",
			);
			name = "[CP] Check Pods Manifest.lock";
			outputFileListPaths = (
			);
			outputPaths = (
				"$(DERIVED_FILE_DIR)/Pods-InfectionSimulator-checkManifestLockResult.txt",
			);
			runOnlyForDeploymentPostprocessing = 0;
			shellPath = /bin/sh;
			shellScript = "diff \"${PODS_PODFILE_DIR_PATH}/Podfile.lock\" \"${PODS_ROOT}/Manifest.lock\" > /dev/null\nif [ $? != 0 ] ; then\n    # print error to STDERR\n    echo \"error: The sandbox is not in sync with the Podfile.lock. Run 'pod install' or update your CocoaPods installation.\" >&2\n    exit 1\nfi\n# This output is used by Xcode 'outputs' to avoid re-running this script phase.\necho \"SUCCESS\" > \"${SCRIPT_OUTPUT_FILE_0}\"\n";
			showEnvVarsInLog = 0;
		};
		F90A44E12679F480004F2D77 /* SwiftLint */ = {
			isa = PBXShellScriptBuildPhase;
			buildActionMask = 2147483647;
			files = (
			);
			inputFileListPaths = (
			);
			inputPaths = (
			);
			name = SwiftLint;
			outputFileListPaths = (
			);
			outputPaths = (
			);
			runOnlyForDeploymentPostprocessing = 0;
			shellPath = /bin/sh;
			shellScript = "if which \"${PODS_ROOT}/SwiftLint/swiftlint\" >/dev/null; then\n    ${PODS_ROOT}/SwiftLint/swiftlint\nelse\n    echo \"warning: SwiftLint not installed, download from https://github.com/realm/SwiftLint\"\nfi\n";
		};
/* End PBXShellScriptBuildPhase section */

/* Begin PBXSourcesBuildPhase section */
		F986D2242679DAA600A4D259 /* Sources */ = {
			isa = PBXSourcesBuildPhase;
			buildActionMask = 2147483647;
			files = (
				F986D2492679DB7700A4D259 /* GameViewController.swift in Sources */,
				F986D2642679E9E000A4D259 /* UITextField+Extensions.swift in Sources */,
				F9D53EE6267A078300966A8B /* UIConstants.swift in Sources */,
				F986D2622679E37E00A4D259 /* String+Extensions.swift in Sources */,
				F986D2512679DC9E00A4D259 /* RootTabBarController.swift in Sources */,
				F986D24E2679DC4300A4D259 /* NavigationController.swift in Sources */,
				F986D2452679DB6500A4D259 /* UserFormViewController.swift in Sources */,
				F9D53EE1267A06F100966A8B /* CustomSolidButton.swift in Sources */,
				F986D2552679DD1B00A4D259 /* InfoViewController.swift in Sources */,
				F9D53EE3267A070C00966A8B /* CustomTextFields.swift in Sources */,
				F9D53EDE267A069A00966A8B /* KeyboardViewController.swift in Sources */,
				F986D22C2679DAA600A4D259 /* AppDelegate.swift in Sources */,
				F9D53ED6267A013900966A8B /* UIFont+Extensions.swift in Sources */,
				F986D26F2679EA8E00A4D259 /* Style.swift in Sources */,
				F9D53EDA267A05A100966A8B /* ErrorScreenViewController.swift in Sources */,
			);
			runOnlyForDeploymentPostprocessing = 0;
		};
/* End PBXSourcesBuildPhase section */

/* Begin PBXVariantGroup section */
		F986D2362679DAA700A4D259 /* LaunchScreen.storyboard */ = {
			isa = PBXVariantGroup;
			children = (
				F986D2372679DAA700A4D259 /* Base */,
				F986D2592679E1DB00A4D259 /* ru */,
			);
			name = LaunchScreen.storyboard;
			sourceTree = "<group>";
		};
		F986D25E2679E28200A4D259 /* Localizable.strings */ = {
			isa = PBXVariantGroup;
			children = (
				F986D25D2679E28200A4D259 /* en */,
				F986D25F2679E28700A4D259 /* ru */,
			);
			name = Localizable.strings;
			sourceTree = "<group>";
		};
/* End PBXVariantGroup section */

/* Begin XCBuildConfiguration section */
		F986D23A2679DAA700A4D259 /* Debug */ = {
			isa = XCBuildConfiguration;
			buildSettings = {
				ALWAYS_SEARCH_USER_PATHS = NO;
				CLANG_ANALYZER_LOCALIZABILITY_NONLOCALIZED = YES;
				CLANG_ANALYZER_NONNULL = YES;
				CLANG_ANALYZER_NUMBER_OBJECT_CONVERSION = YES_AGGRESSIVE;
				CLANG_CXX_LANGUAGE_STANDARD = "gnu++14";
				CLANG_CXX_LIBRARY = "libc++";
				CLANG_ENABLE_MODULES = YES;
				CLANG_ENABLE_OBJC_ARC = YES;
				CLANG_ENABLE_OBJC_WEAK = YES;
				CLANG_WARN_BLOCK_CAPTURE_AUTORELEASING = YES;
				CLANG_WARN_BOOL_CONVERSION = YES;
				CLANG_WARN_COMMA = YES;
				CLANG_WARN_CONSTANT_CONVERSION = YES;
				CLANG_WARN_DEPRECATED_OBJC_IMPLEMENTATIONS = YES;
				CLANG_WARN_DIRECT_OBJC_ISA_USAGE = YES_ERROR;
				CLANG_WARN_DOCUMENTATION_COMMENTS = YES;
				CLANG_WARN_EMPTY_BODY = YES;
				CLANG_WARN_ENUM_CONVERSION = YES;
				CLANG_WARN_INFINITE_RECURSION = YES;
				CLANG_WARN_INT_CONVERSION = YES;
				CLANG_WARN_NON_LITERAL_NULL_CONVERSION = YES;
				CLANG_WARN_OBJC_IMPLICIT_RETAIN_SELF = YES;
				CLANG_WARN_OBJC_LITERAL_CONVERSION = YES;
				CLANG_WARN_OBJC_ROOT_CLASS = YES_ERROR;
				CLANG_WARN_QUOTED_INCLUDE_IN_FRAMEWORK_HEADER = YES;
				CLANG_WARN_RANGE_LOOP_ANALYSIS = YES;
				CLANG_WARN_STRICT_PROTOTYPES = YES;
				CLANG_WARN_SUSPICIOUS_MOVE = YES;
				CLANG_WARN_UNGUARDED_AVAILABILITY = YES_AGGRESSIVE;
				CLANG_WARN_UNREACHABLE_CODE = YES;
				CLANG_WARN__DUPLICATE_METHOD_MATCH = YES;
				COPY_PHASE_STRIP = NO;
				DEBUG_INFORMATION_FORMAT = dwarf;
				ENABLE_STRICT_OBJC_MSGSEND = YES;
				ENABLE_TESTABILITY = YES;
				GCC_C_LANGUAGE_STANDARD = gnu11;
				GCC_DYNAMIC_NO_PIC = NO;
				GCC_NO_COMMON_BLOCKS = YES;
				GCC_OPTIMIZATION_LEVEL = 0;
				GCC_PREPROCESSOR_DEFINITIONS = (
					"DEBUG=1",
					"$(inherited)",
				);
				GCC_WARN_64_TO_32_BIT_CONVERSION = YES;
				GCC_WARN_ABOUT_RETURN_TYPE = YES_ERROR;
				GCC_WARN_UNDECLARED_SELECTOR = YES;
				GCC_WARN_UNINITIALIZED_AUTOS = YES_AGGRESSIVE;
				GCC_WARN_UNUSED_FUNCTION = YES;
				GCC_WARN_UNUSED_VARIABLE = YES;
				IPHONEOS_DEPLOYMENT_TARGET = 14.5;
				MTL_ENABLE_DEBUG_INFO = INCLUDE_SOURCE;
				MTL_FAST_MATH = YES;
				ONLY_ACTIVE_ARCH = YES;
				SDKROOT = iphoneos;
				SWIFT_ACTIVE_COMPILATION_CONDITIONS = DEBUG;
				SWIFT_OPTIMIZATION_LEVEL = "-Onone";
			};
			name = Debug;
		};
		F986D23B2679DAA700A4D259 /* Release */ = {
			isa = XCBuildConfiguration;
			buildSettings = {
				ALWAYS_SEARCH_USER_PATHS = NO;
				CLANG_ANALYZER_LOCALIZABILITY_NONLOCALIZED = YES;
				CLANG_ANALYZER_NONNULL = YES;
				CLANG_ANALYZER_NUMBER_OBJECT_CONVERSION = YES_AGGRESSIVE;
				CLANG_CXX_LANGUAGE_STANDARD = "gnu++14";
				CLANG_CXX_LIBRARY = "libc++";
				CLANG_ENABLE_MODULES = YES;
				CLANG_ENABLE_OBJC_ARC = YES;
				CLANG_ENABLE_OBJC_WEAK = YES;
				CLANG_WARN_BLOCK_CAPTURE_AUTORELEASING = YES;
				CLANG_WARN_BOOL_CONVERSION = YES;
				CLANG_WARN_COMMA = YES;
				CLANG_WARN_CONSTANT_CONVERSION = YES;
				CLANG_WARN_DEPRECATED_OBJC_IMPLEMENTATIONS = YES;
				CLANG_WARN_DIRECT_OBJC_ISA_USAGE = YES_ERROR;
				CLANG_WARN_DOCUMENTATION_COMMENTS = YES;
				CLANG_WARN_EMPTY_BODY = YES;
				CLANG_WARN_ENUM_CONVERSION = YES;
				CLANG_WARN_INFINITE_RECURSION = YES;
				CLANG_WARN_INT_CONVERSION = YES;
				CLANG_WARN_NON_LITERAL_NULL_CONVERSION = YES;
				CLANG_WARN_OBJC_IMPLICIT_RETAIN_SELF = YES;
				CLANG_WARN_OBJC_LITERAL_CONVERSION = YES;
				CLANG_WARN_OBJC_ROOT_CLASS = YES_ERROR;
				CLANG_WARN_QUOTED_INCLUDE_IN_FRAMEWORK_HEADER = YES;
				CLANG_WARN_RANGE_LOOP_ANALYSIS = YES;
				CLANG_WARN_STRICT_PROTOTYPES = YES;
				CLANG_WARN_SUSPICIOUS_MOVE = YES;
				CLANG_WARN_UNGUARDED_AVAILABILITY = YES_AGGRESSIVE;
				CLANG_WARN_UNREACHABLE_CODE = YES;
				CLANG_WARN__DUPLICATE_METHOD_MATCH = YES;
				COPY_PHASE_STRIP = NO;
				DEBUG_INFORMATION_FORMAT = "dwarf-with-dsym";
				ENABLE_NS_ASSERTIONS = NO;
				ENABLE_STRICT_OBJC_MSGSEND = YES;
				GCC_C_LANGUAGE_STANDARD = gnu11;
				GCC_NO_COMMON_BLOCKS = YES;
				GCC_WARN_64_TO_32_BIT_CONVERSION = YES;
				GCC_WARN_ABOUT_RETURN_TYPE = YES_ERROR;
				GCC_WARN_UNDECLARED_SELECTOR = YES;
				GCC_WARN_UNINITIALIZED_AUTOS = YES_AGGRESSIVE;
				GCC_WARN_UNUSED_FUNCTION = YES;
				GCC_WARN_UNUSED_VARIABLE = YES;
				IPHONEOS_DEPLOYMENT_TARGET = 14.5;
				MTL_ENABLE_DEBUG_INFO = NO;
				MTL_FAST_MATH = YES;
				SDKROOT = iphoneos;
				SWIFT_COMPILATION_MODE = wholemodule;
				SWIFT_OPTIMIZATION_LEVEL = "-O";
				VALIDATE_PRODUCT = YES;
			};
			name = Release;
		};
		F986D23D2679DAA700A4D259 /* Debug */ = {
			isa = XCBuildConfiguration;
			baseConfigurationReference = 4B82B4BD1F14459CD1E0A126 /* Pods-InfectionSimulator.debug.xcconfig */;
			buildSettings = {
				ASSETCATALOG_COMPILER_APPICON_NAME = AppIcon;
				ASSETCATALOG_COMPILER_GLOBAL_ACCENT_COLOR_NAME = AccentColor;
				CODE_SIGN_STYLE = Automatic;
				INFOPLIST_FILE = InfectionSimulator/Info.plist;
				LD_RUNPATH_SEARCH_PATHS = (
					"$(inherited)",
					"@executable_path/Frameworks",
				);
				PRODUCT_BUNDLE_IDENTIFIER = com.valeria.InfectionSimulator;
				PRODUCT_NAME = "$(TARGET_NAME)";
				SWIFT_VERSION = 5.0;
				TARGETED_DEVICE_FAMILY = "1,2";
			};
			name = Debug;
		};
		F986D23E2679DAA700A4D259 /* Release */ = {
			isa = XCBuildConfiguration;
			baseConfigurationReference = FF434341AA39B10E6AD73B31 /* Pods-InfectionSimulator.release.xcconfig */;
			buildSettings = {
				ASSETCATALOG_COMPILER_APPICON_NAME = AppIcon;
				ASSETCATALOG_COMPILER_GLOBAL_ACCENT_COLOR_NAME = AccentColor;
				CODE_SIGN_STYLE = Automatic;
				INFOPLIST_FILE = InfectionSimulator/Info.plist;
				LD_RUNPATH_SEARCH_PATHS = (
					"$(inherited)",
					"@executable_path/Frameworks",
				);
				PRODUCT_BUNDLE_IDENTIFIER = com.valeria.InfectionSimulator;
				PRODUCT_NAME = "$(TARGET_NAME)";
				SWIFT_VERSION = 5.0;
				TARGETED_DEVICE_FAMILY = "1,2";
			};
			name = Release;
		};
/* End XCBuildConfiguration section */

/* Begin XCConfigurationList section */
		F986D2232679DAA600A4D259 /* Build configuration list for PBXProject "InfectionSimulator" */ = {
			isa = XCConfigurationList;
			buildConfigurations = (
				F986D23A2679DAA700A4D259 /* Debug */,
				F986D23B2679DAA700A4D259 /* Release */,
			);
			defaultConfigurationIsVisible = 0;
			defaultConfigurationName = Release;
		};
		F986D23C2679DAA700A4D259 /* Build configuration list for PBXNativeTarget "InfectionSimulator" */ = {
			isa = XCConfigurationList;
			buildConfigurations = (
				F986D23D2679DAA700A4D259 /* Debug */,
				F986D23E2679DAA700A4D259 /* Release */,
			);
			defaultConfigurationIsVisible = 0;
			defaultConfigurationName = Release;
		};
/* End XCConfigurationList section */
	};
	rootObject = F986D2202679DAA600A4D259 /* Project object */;
}
